
Microsoft Visual Studio Solution File, Format Version 12.00
# Visual Studio Version 16
VisualStudioVersion = 16.0.29905.134
MinimumVisualStudioVersion = 10.0.40219.1
Project("{FAE04EC0-301F-11D3-BF4B-00C04F79EFBC}") = "WebApplication1", "WebApplication1\WebApplication1.csproj", "{170A809F-0A06-49E4-9911-66AA067B0897}"
EndProject
Project("{FAE04EC0-301F-11D3-BF4B-00C04F79EFBC}") = "DataAccess", "DataAccess\DataAccess.csproj", "{8B399456-55A4-4C51-ADAB-5BB50D3BDEC2}"
EndProject
Project("{FAE04EC0-301F-11D3-BF4B-00C04F79EFBC}") = "Models", "Models\Models.csproj", "{8AC0535F-9579-4A44-92F9-38A893084003}"
EndProject
Project("{FAE04EC0-301F-11D3-BF4B-00C04F79EFBC}") = "Utils", "Utils\Utils.csproj", "{D4C1D411-A22A-437D-A47F-98600150A08F}"
EndProject
Global
	GlobalSection(SolutionConfigurationPlatforms) = preSolution
		Debug|Any CPU = Debug|Any CPU
		Release|Any CPU = Release|Any CPU
	EndGlobalSection
	GlobalSection(ProjectConfigurationPlatforms) = postSolution
		{170A809F-0A06-49E4-9911-66AA067B0897}.Debug|Any CPU.ActiveCfg = Debug|Any CPU
		{170A809F-0A06-49E4-9911-66AA067B0897}.Debug|Any CPU.Build.0 = Debug|Any CPU
		{170A809F-0A06-49E4-9911-66AA067B0897}.Release|Any CPU.ActiveCfg = Release|Any CPU
		{170A809F-0A06-49E4-9911-66AA067B0897}.Release|Any CPU.Build.0 = Release|Any CPU
		{8B399456-55A4-4C51-ADAB-5BB50D3BDEC2}.Debug|Any CPU.ActiveCfg = Debug|Any CPU
		{8B399456-55A4-4C51-ADAB-5BB50D3BDEC2}.Debug|Any CPU.Build.0 = Debug|Any CPU
		{8B399456-55A4-4C51-ADAB-5BB50D3BDEC2}.Release|Any CPU.ActiveCfg = Release|Any CPU
		{8B399456-55A4-4C51-ADAB-5BB50D3BDEC2}.Release|Any CPU.Build.0 = Release|Any CPU
		{8AC0535F-9579-4A44-92F9-38A893084003}.Debug|Any CPU.ActiveCfg = Debug|Any CPU
		{8AC0535F-9579-4A44-92F9-38A893084003}.Debug|Any CPU.Build.0 = Debug|Any CPU
		{8AC0535F-9579-4A44-92F9-38A893084003}.Release|Any CPU.ActiveCfg = Release|Any CPU
		{8AC0535F-9579-4A44-92F9-38A893084003}.Release|Any CPU.Build.0 = Release|Any CPU
		{D4C1D411-A22A-437D-A47F-98600150A08F}.Debug|Any CPU.ActiveCfg = Debug|Any CPU
		{D4C1D411-A22A-437D-A47F-98600150A08F}.Debug|Any CPU.Build.0 = Debug|Any CPU
		{D4C1D411-A22A-437D-A47F-98600150A08F}.Release|Any CPU.ActiveCfg = Release|Any CPU
		{D4C1D411-A22A-437D-A47F-98600150A08F}.Release|Any CPU.Build.0 = Release|Any CPU
	EndGlobalSection
	GlobalSection(SolutionProperties) = preSolution
		HideSolutionNode = FALSE
	EndGlobalSection
	GlobalSection(ExtensibilityGlobals) = postSolution
		SolutionGuid = {F2540B1A-E4EB-4D65-8FFB-EE3C0D821DE7}
	EndGlobalSection
EndGlobal
